
Microsoft Visual Studio Solution File, Format Version 12.00
# Visual Studio Version 17
VisualStudioVersion = 17.3.32922.545
MinimumVisualStudioVersion = 10.0.40219.1
Project("{9A19103F-16F7-4668-BE54-9A1E7A4F7556}") = "SortManagerTests", "SortManagerTests\SortManagerTests.csproj", "{EBD5255B-CB57-4BF9-8C24-0C3987FB2E9B}"
	ProjectSection(ProjectDependencies) = postProject
		{5EE3E7D7-C8FC-4F91-917B-31C773AAF4D3} = {5EE3E7D7-C8FC-4F91-917B-31C773AAF4D3}
		{B1001AB6-5B88-4452-ABE3-ED5A91D2068C} = {B1001AB6-5B88-4452-ABE3-ED5A91D2068C}
		{CE4E7A12-0F9B-4CD3-B202-623E06CB2566} = {CE4E7A12-0F9B-4CD3-B202-623E06CB2566}
	EndProjectSection
EndProject
Project("{9A19103F-16F7-4668-BE54-9A1E7A4F7556}") = "SortManagerController", "SortManagerApp\SortManagerController.csproj", "{5EE3E7D7-C8FC-4F91-917B-31C773AAF4D3}"
EndProject
Project("{9A19103F-16F7-4668-BE54-9A1E7A4F7556}") = "SortManagerModel", "SortManagerModel\SortManagerModel.csproj", "{CE4E7A12-0F9B-4CD3-B202-623E06CB2566}"
EndProject
Project("{9A19103F-16F7-4668-BE54-9A1E7A4F7556}") = "SortManagerView", "SortManagerView\SortManagerView.csproj", "{B1001AB6-5B88-4452-ABE3-ED5A91D2068C}"
EndProject
Global
	GlobalSection(SolutionConfigurationPlatforms) = preSolution
		Debug|Any CPU = Debug|Any CPU
		Release|Any CPU = Release|Any CPU
	EndGlobalSection
	GlobalSection(ProjectConfigurationPlatforms) = postSolution
		{EBD5255B-CB57-4BF9-8C24-0C3987FB2E9B}.Debug|Any CPU.ActiveCfg = Debug|Any CPU
		{EBD5255B-CB57-4BF9-8C24-0C3987FB2E9B}.Debug|Any CPU.Build.0 = Debug|Any CPU
		{EBD5255B-CB57-4BF9-8C24-0C3987FB2E9B}.Release|Any CPU.ActiveCfg = Release|Any CPU
		{EBD5255B-CB57-4BF9-8C24-0C3987FB2E9B}.Release|Any CPU.Build.0 = Release|Any CPU
		{5EE3E7D7-C8FC-4F91-917B-31C773AAF4D3}.Debug|Any CPU.ActiveCfg = Debug|Any CPU
		{5EE3E7D7-C8FC-4F91-917B-31C773AAF4D3}.Debug|Any CPU.Build.0 = Debug|Any CPU
		{5EE3E7D7-C8FC-4F91-917B-31C773AAF4D3}.Release|Any CPU.ActiveCfg = Release|Any CPU
		{5EE3E7D7-C8FC-4F91-917B-31C773AAF4D3}.Release|Any CPU.Build.0 = Release|Any CPU
		{CE4E7A12-0F9B-4CD3-B202-623E06CB2566}.Debug|Any CPU.ActiveCfg = Debug|Any CPU
		{CE4E7A12-0F9B-4CD3-B202-623E06CB2566}.Debug|Any CPU.Build.0 = Debug|Any CPU
		{CE4E7A12-0F9B-4CD3-B202-623E06CB2566}.Release|Any CPU.ActiveCfg = Release|Any CPU
		{CE4E7A12-0F9B-4CD3-B202-623E06CB2566}.Release|Any CPU.Build.0 = Release|Any CPU
		{B1001AB6-5B88-4452-ABE3-ED5A91D2068C}.Debug|Any CPU.ActiveCfg = Debug|Any CPU
		{B1001AB6-5B88-4452-ABE3-ED5A91D2068C}.Debug|Any CPU.Build.0 = Debug|Any CPU
		{B1001AB6-5B88-4452-ABE3-ED5A91D2068C}.Release|Any CPU.ActiveCfg = Release|Any CPU
		{B1001AB6-5B88-4452-ABE3-ED5A91D2068C}.Release|Any CPU.Build.0 = Release|Any CPU
	EndGlobalSection
	GlobalSection(SolutionProperties) = preSolution
		HideSolutionNode = FALSE
	EndGlobalSection
	GlobalSection(ExtensibilityGlobals) = postSolution
		SolutionGuid = {4041C0C0-014A-44CC-9EC8-16912CF2901D}
	EndGlobalSection
EndGlobal
